
Microsoft Visual Studio Solution File, Format Version 12.00
# Visual Studio Version 16
VisualStudioVersion = 16.0.29409.12
MinimumVisualStudioVersion = 10.0.40219.1
Project("{FAE04EC0-301F-11D3-BF4B-00C04F79EFBC}") = "Utility-WPF", "Utility-WPF\Utility-WPF.csproj", "{E48AA5CF-63C1-42B8-BFEA-17F91C4DEF13}"
EndProject
Project("{FAE04EC0-301F-11D3-BF4B-00C04F79EFBC}") = "Utility-WPF.Core", "Utility-WPF.Core\Utility-WPF.Core.csproj", "{45452D20-2310-4F33-8666-2166C10C3F67}"
EndProject
Project("{2150E333-8FDC-42A3-9474-1A3956D46DE8}") = "Shared", "Shared", "{4EBE3FF0-6F0A-4FFE-A125-8E01BDB73693}"
	ProjectSection(SolutionItems) = preProject
		Shared\SharedAssemblyInfo.cs = Shared\SharedAssemblyInfo.cs
	EndProjectSection
EndProject
Project("{2150E333-8FDC-42A3-9474-1A3956D46DE8}") = "Modules", "Modules", "{AFDF0020-05A5-4079-81A6-1647E4D5AF72}"
EndProject
Project("{2150E333-8FDC-42A3-9474-1A3956D46DE8}") = "Services", "Services", "{741862BA-8D55-4247-8B7C-481779B4E86B}"
EndProject
Project("{2150E333-8FDC-42A3-9474-1A3956D46DE8}") = "Tests", "Tests", "{E5CF1ECF-F23F-483C-8E85-48C41A8594F5}"
EndProject
Project("{FAE04EC0-301F-11D3-BF4B-00C04F79EFBC}") = "Utility-WPF.Modules.HTML", "Modules\Utility-WPF.Modules.HTML\Utility-WPF.Modules.HTML.csproj", "{2E872209-E671-4BE4-BC10-0ACE99C9AF2C}"
EndProject
Project("{FAE04EC0-301F-11D3-BF4B-00C04F79EFBC}") = "Utility-WPF.Services.Interfaces", "Services\Utility-WPF.Services.Interfaces\Utility-WPF.Services.Interfaces.csproj", "{1E59B9FD-7AD7-4872-8DAA-B5A8C8AC9F9A}"
EndProject
Project("{FAE04EC0-301F-11D3-BF4B-00C04F79EFBC}") = "Utility-WPF.Services", "Services\Utility-WPF.Services\Utility-WPF.Services.csproj", "{BFB69CB5-2128-4F2E-920E-779916E8A5A1}"
EndProject
Project("{FAE04EC0-301F-11D3-BF4B-00C04F79EFBC}") = "Utility-WPF.Modules.URL", "Modules\Utility-WPF.Modules.URL\Utility-WPF.Modules.URL.csproj", "{69F46BF5-B93B-4DDE-9B34-B671CA3D8843}"
EndProject
Project("{FAE04EC0-301F-11D3-BF4B-00C04F79EFBC}") = "Utility-WPF.Modules.Guid", "Modules\Utility-WPF.Modules.Guid\Utility-WPF.Modules.Guid.csproj", "{E7CE2A3B-0714-4E90-924A-39AE2BE4C0AC}"
EndProject
Project("{FAE04EC0-301F-11D3-BF4B-00C04F79EFBC}") = "Utility-WPF.Modules.XMLPP", "Modules\Utility-WPF.Modules.XMLPP\Utility-WPF.Modules.XMLPP.csproj", "{79459C47-9505-407B-AB86-972E1C4648E2}"
EndProject
Project("{FAE04EC0-301F-11D3-BF4B-00C04F79EFBC}") = "Utility-WPF.Modules.JSONPP", "Modules\Utility-WPF.Modules.JSONPP\Utility-WPF.Modules.JSONPP.csproj", "{72EEDA1F-5696-4FAE-8908-4A9DFC3F24EB}"
EndProject
Project("{FAE04EC0-301F-11D3-BF4B-00C04F79EFBC}") = "Utility-WPF.Modules.SqlBuilder", "Modules\Utility-WPF.Modules.SqlBuilder\Utility-WPF.Modules.SqlBuilder.csproj", "{1A89655B-085A-476E-8538-EEF3AC91329E}"
EndProject
Project("{FAE04EC0-301F-11D3-BF4B-00C04F79EFBC}") = "Utility-WPF.Modules.SqlFormatter", "Modules\Utility-WPF.Modules.SqlFormatter\Utility-WPF.Modules.SqlFormatter.csproj", "{988CB089-E368-4B19-8CC4-AE7A0AE86685}"
EndProject
Project("{FAE04EC0-301F-11D3-BF4B-00C04F79EFBC}") = "Utility-WPF.Services.Tests", "Tests\Utility-WPF.Services.Tests.csproj", "{8DF2B804-157F-463D-AD89-330C75900AC6}"
EndProject
Project("{930C7802-8A8C-48F9-8165-68863BCCD9DD}") = "SetupProject", "SetupProject\SetupProject.wixproj", "{CC6A5796-6995-42D5-986E-F22197D042AF}"
EndProject
Global
	GlobalSection(SolutionConfigurationPlatforms) = preSolution
		Debug|Any CPU = Debug|Any CPU
		Debug|x86 = Debug|x86
		Release|Any CPU = Release|Any CPU
		Release|x86 = Release|x86
	EndGlobalSection
	GlobalSection(ProjectConfigurationPlatforms) = postSolution
		{E48AA5CF-63C1-42B8-BFEA-17F91C4DEF13}.Debug|Any CPU.ActiveCfg = Debug|Any CPU
		{E48AA5CF-63C1-42B8-BFEA-17F91C4DEF13}.Debug|Any CPU.Build.0 = Debug|Any CPU
		{E48AA5CF-63C1-42B8-BFEA-17F91C4DEF13}.Debug|x86.ActiveCfg = Debug|Any CPU
		{E48AA5CF-63C1-42B8-BFEA-17F91C4DEF13}.Debug|x86.Build.0 = Debug|Any CPU
		{E48AA5CF-63C1-42B8-BFEA-17F91C4DEF13}.Release|Any CPU.ActiveCfg = Release|Any CPU
		{E48AA5CF-63C1-42B8-BFEA-17F91C4DEF13}.Release|Any CPU.Build.0 = Release|Any CPU
		{E48AA5CF-63C1-42B8-BFEA-17F91C4DEF13}.Release|x86.ActiveCfg = Release|Any CPU
		{E48AA5CF-63C1-42B8-BFEA-17F91C4DEF13}.Release|x86.Build.0 = Release|Any CPU
		{45452D20-2310-4F33-8666-2166C10C3F67}.Debug|Any CPU.ActiveCfg = Debug|Any CPU
		{45452D20-2310-4F33-8666-2166C10C3F67}.Debug|Any CPU.Build.0 = Debug|Any CPU
		{45452D20-2310-4F33-8666-2166C10C3F67}.Debug|x86.ActiveCfg = Debug|Any CPU
		{45452D20-2310-4F33-8666-2166C10C3F67}.Debug|x86.Build.0 = Debug|Any CPU
		{45452D20-2310-4F33-8666-2166C10C3F67}.Release|Any CPU.ActiveCfg = Release|Any CPU
		{45452D20-2310-4F33-8666-2166C10C3F67}.Release|Any CPU.Build.0 = Release|Any CPU
		{45452D20-2310-4F33-8666-2166C10C3F67}.Release|x86.ActiveCfg = Release|Any CPU
		{45452D20-2310-4F33-8666-2166C10C3F67}.Release|x86.Build.0 = Release|Any CPU
		{2E872209-E671-4BE4-BC10-0ACE99C9AF2C}.Debug|Any CPU.ActiveCfg = Debug|Any CPU
		{2E872209-E671-4BE4-BC10-0ACE99C9AF2C}.Debug|Any CPU.Build.0 = Debug|Any CPU
		{2E872209-E671-4BE4-BC10-0ACE99C9AF2C}.Debug|x86.ActiveCfg = Debug|Any CPU
		{2E872209-E671-4BE4-BC10-0ACE99C9AF2C}.Debug|x86.Build.0 = Debug|Any CPU
		{2E872209-E671-4BE4-BC10-0ACE99C9AF2C}.Release|Any CPU.ActiveCfg = Release|Any CPU
		{2E872209-E671-4BE4-BC10-0ACE99C9AF2C}.Release|Any CPU.Build.0 = Release|Any CPU
		{2E872209-E671-4BE4-BC10-0ACE99C9AF2C}.Release|x86.ActiveCfg = Release|Any CPU
		{2E872209-E671-4BE4-BC10-0ACE99C9AF2C}.Release|x86.Build.0 = Release|Any CPU
		{1E59B9FD-7AD7-4872-8DAA-B5A8C8AC9F9A}.Debug|Any CPU.ActiveCfg = Debug|Any CPU
		{1E59B9FD-7AD7-4872-8DAA-B5A8C8AC9F9A}.Debug|Any CPU.Build.0 = Debug|Any CPU
		{1E59B9FD-7AD7-4872-8DAA-B5A8C8AC9F9A}.Debug|x86.ActiveCfg = Debug|Any CPU
		{1E59B9FD-7AD7-4872-8DAA-B5A8C8AC9F9A}.Debug|x86.Build.0 = Debug|Any CPU
		{1E59B9FD-7AD7-4872-8DAA-B5A8C8AC9F9A}.Release|Any CPU.ActiveCfg = Release|Any CPU
		{1E59B9FD-7AD7-4872-8DAA-B5A8C8AC9F9A}.Release|Any CPU.Build.0 = Release|Any CPU
		{1E59B9FD-7AD7-4872-8DAA-B5A8C8AC9F9A}.Release|x86.ActiveCfg = Release|Any CPU
		{1E59B9FD-7AD7-4872-8DAA-B5A8C8AC9F9A}.Release|x86.Build.0 = Release|Any CPU
		{BFB69CB5-2128-4F2E-920E-779916E8A5A1}.Debug|Any CPU.ActiveCfg = Debug|Any CPU
		{BFB69CB5-2128-4F2E-920E-779916E8A5A1}.Debug|Any CPU.Build.0 = Debug|Any CPU
		{BFB69CB5-2128-4F2E-920E-779916E8A5A1}.Debug|x86.ActiveCfg = Debug|Any CPU
		{BFB69CB5-2128-4F2E-920E-779916E8A5A1}.Debug|x86.Build.0 = Debug|Any CPU
		{BFB69CB5-2128-4F2E-920E-779916E8A5A1}.Release|Any CPU.ActiveCfg = Release|Any CPU
		{BFB69CB5-2128-4F2E-920E-779916E8A5A1}.Release|Any CPU.Build.0 = Release|Any CPU
		{BFB69CB5-2128-4F2E-920E-779916E8A5A1}.Release|x86.ActiveCfg = Release|Any CPU
		{BFB69CB5-2128-4F2E-920E-779916E8A5A1}.Release|x86.Build.0 = Release|Any CPU
		{69F46BF5-B93B-4DDE-9B34-B671CA3D8843}.Debug|Any CPU.ActiveCfg = Debug|Any CPU
		{69F46BF5-B93B-4DDE-9B34-B671CA3D8843}.Debug|Any CPU.Build.0 = Debug|Any CPU
		{69F46BF5-B93B-4DDE-9B34-B671CA3D8843}.Debug|x86.ActiveCfg = Debug|Any CPU
		{69F46BF5-B93B-4DDE-9B34-B671CA3D8843}.Debug|x86.Build.0 = Debug|Any CPU
		{69F46BF5-B93B-4DDE-9B34-B671CA3D8843}.Release|Any CPU.ActiveCfg = Release|Any CPU
		{69F46BF5-B93B-4DDE-9B34-B671CA3D8843}.Release|Any CPU.Build.0 = Release|Any CPU
		{69F46BF5-B93B-4DDE-9B34-B671CA3D8843}.Release|x86.ActiveCfg = Release|Any CPU
		{69F46BF5-B93B-4DDE-9B34-B671CA3D8843}.Release|x86.Build.0 = Release|Any CPU
		{E7CE2A3B-0714-4E90-924A-39AE2BE4C0AC}.Debug|Any CPU.ActiveCfg = Debug|Any CPU
		{E7CE2A3B-0714-4E90-924A-39AE2BE4C0AC}.Debug|Any CPU.Build.0 = Debug|Any CPU
		{E7CE2A3B-0714-4E90-924A-39AE2BE4C0AC}.Debug|x86.ActiveCfg = Debug|Any CPU
		{E7CE2A3B-0714-4E90-924A-39AE2BE4C0AC}.Debug|x86.Build.0 = Debug|Any CPU
		{E7CE2A3B-0714-4E90-924A-39AE2BE4C0AC}.Release|Any CPU.ActiveCfg = Release|Any CPU
		{E7CE2A3B-0714-4E90-924A-39AE2BE4C0AC}.Release|Any CPU.Build.0 = Release|Any CPU
		{E7CE2A3B-0714-4E90-924A-39AE2BE4C0AC}.Release|x86.ActiveCfg = Release|Any CPU
		{E7CE2A3B-0714-4E90-924A-39AE2BE4C0AC}.Release|x86.Build.0 = Release|Any CPU
		{79459C47-9505-407B-AB86-972E1C4648E2}.Debug|Any CPU.ActiveCfg = Debug|Any CPU
		{79459C47-9505-407B-AB86-972E1C4648E2}.Debug|Any CPU.Build.0 = Debug|Any CPU
		{79459C47-9505-407B-AB86-972E1C4648E2}.Debug|x86.ActiveCfg = Debug|Any CPU
		{79459C47-9505-407B-AB86-972E1C4648E2}.Debug|x86.Build.0 = Debug|Any CPU
		{79459C47-9505-407B-AB86-972E1C4648E2}.Release|Any CPU.ActiveCfg = Release|Any CPU
		{79459C47-9505-407B-AB86-972E1C4648E2}.Release|Any CPU.Build.0 = Release|Any CPU
		{79459C47-9505-407B-AB86-972E1C4648E2}.Release|x86.ActiveCfg = Release|Any CPU
		{79459C47-9505-407B-AB86-972E1C4648E2}.Release|x86.Build.0 = Release|Any CPU
		{72EEDA1F-5696-4FAE-8908-4A9DFC3F24EB}.Debug|Any CPU.ActiveCfg = Debug|Any CPU
		{72EEDA1F-5696-4FAE-8908-4A9DFC3F24EB}.Debug|Any CPU.Build.0 = Debug|Any CPU
		{72EEDA1F-5696-4FAE-8908-4A9DFC3F24EB}.Debug|x86.ActiveCfg = Debug|Any CPU
		{72EEDA1F-5696-4FAE-8908-4A9DFC3F24EB}.Debug|x86.Build.0 = Debug|Any CPU
		{72EEDA1F-5696-4FAE-8908-4A9DFC3F24EB}.Release|Any CPU.ActiveCfg = Release|Any CPU
		{72EEDA1F-5696-4FAE-8908-4A9DFC3F24EB}.Release|Any CPU.Build.0 = Release|Any CPU
		{72EEDA1F-5696-4FAE-8908-4A9DFC3F24EB}.Release|x86.ActiveCfg = Release|Any CPU
		{72EEDA1F-5696-4FAE-8908-4A9DFC3F24EB}.Release|x86.Build.0 = Release|Any CPU
		{1A89655B-085A-476E-8538-EEF3AC91329E}.Debug|Any CPU.ActiveCfg = Debug|Any CPU
		{1A89655B-085A-476E-8538-EEF3AC91329E}.Debug|Any CPU.Build.0 = Debug|Any CPU
		{1A89655B-085A-476E-8538-EEF3AC91329E}.Debug|x86.ActiveCfg = Debug|Any CPU
		{1A89655B-085A-476E-8538-EEF3AC91329E}.Debug|x86.Build.0 = Debug|Any CPU
		{1A89655B-085A-476E-8538-EEF3AC91329E}.Release|Any CPU.ActiveCfg = Release|Any CPU
		{1A89655B-085A-476E-8538-EEF3AC91329E}.Release|Any CPU.Build.0 = Release|Any CPU
		{1A89655B-085A-476E-8538-EEF3AC91329E}.Release|x86.ActiveCfg = Release|Any CPU
		{1A89655B-085A-476E-8538-EEF3AC91329E}.Release|x86.Build.0 = Release|Any CPU
		{988CB089-E368-4B19-8CC4-AE7A0AE86685}.Debug|Any CPU.ActiveCfg = Debug|Any CPU
		{988CB089-E368-4B19-8CC4-AE7A0AE86685}.Debug|Any CPU.Build.0 = Debug|Any CPU
		{988CB089-E368-4B19-8CC4-AE7A0AE86685}.Debug|x86.ActiveCfg = Debug|Any CPU
		{988CB089-E368-4B19-8CC4-AE7A0AE86685}.Debug|x86.Build.0 = Debug|Any CPU
		{988CB089-E368-4B19-8CC4-AE7A0AE86685}.Release|Any CPU.ActiveCfg = Release|Any CPU
		{988CB089-E368-4B19-8CC4-AE7A0AE86685}.Release|Any CPU.Build.0 = Release|Any CPU
		{988CB089-E368-4B19-8CC4-AE7A0AE86685}.Release|x86.ActiveCfg = Release|Any CPU
		{988CB089-E368-4B19-8CC4-AE7A0AE86685}.Release|x86.Build.0 = Release|Any CPU
		{8DF2B804-157F-463D-AD89-330C75900AC6}.Debug|Any CPU.ActiveCfg = Debug|Any CPU
		{8DF2B804-157F-463D-AD89-330C75900AC6}.Debug|Any CPU.Build.0 = Debug|Any CPU
		{8DF2B804-157F-463D-AD89-330C75900AC6}.Debug|x86.ActiveCfg = Debug|Any CPU
		{8DF2B804-157F-463D-AD89-330C75900AC6}.Debug|x86.Build.0 = Debug|Any CPU
		{8DF2B804-157F-463D-AD89-330C75900AC6}.Release|Any CPU.ActiveCfg = Release|Any CPU
		{8DF2B804-157F-463D-AD89-330C75900AC6}.Release|Any CPU.Build.0 = Release|Any CPU
		{8DF2B804-157F-463D-AD89-330C75900AC6}.Release|x86.ActiveCfg = Release|Any CPU
		{8DF2B804-157F-463D-AD89-330C75900AC6}.Release|x86.Build.0 = Release|Any CPU
		{CC6A5796-6995-42D5-986E-F22197D042AF}.Debug|Any CPU.ActiveCfg = Debug|x86
		{CC6A5796-6995-42D5-986E-F22197D042AF}.Debug|x86.ActiveCfg = Debug|x86
		{CC6A5796-6995-42D5-986E-F22197D042AF}.Debug|x86.Build.0 = Debug|x86
		{CC6A5796-6995-42D5-986E-F22197D042AF}.Release|Any CPU.ActiveCfg = Release|x86
		{CC6A5796-6995-42D5-986E-F22197D042AF}.Release|x86.ActiveCfg = Release|x86
		{CC6A5796-6995-42D5-986E-F22197D042AF}.Release|x86.Build.0 = Release|x86
	EndGlobalSection
	GlobalSection(SolutionProperties) = preSolution
		HideSolutionNode = FALSE
	EndGlobalSection
	GlobalSection(NestedProjects) = preSolution
		{2E872209-E671-4BE4-BC10-0ACE99C9AF2C} = {AFDF0020-05A5-4079-81A6-1647E4D5AF72}
		{1E59B9FD-7AD7-4872-8DAA-B5A8C8AC9F9A} = {741862BA-8D55-4247-8B7C-481779B4E86B}
		{BFB69CB5-2128-4F2E-920E-779916E8A5A1} = {741862BA-8D55-4247-8B7C-481779B4E86B}
		{69F46BF5-B93B-4DDE-9B34-B671CA3D8843} = {AFDF0020-05A5-4079-81A6-1647E4D5AF72}
		{E7CE2A3B-0714-4E90-924A-39AE2BE4C0AC} = {AFDF0020-05A5-4079-81A6-1647E4D5AF72}
		{79459C47-9505-407B-AB86-972E1C4648E2} = {AFDF0020-05A5-4079-81A6-1647E4D5AF72}
		{72EEDA1F-5696-4FAE-8908-4A9DFC3F24EB} = {AFDF0020-05A5-4079-81A6-1647E4D5AF72}
		{1A89655B-085A-476E-8538-EEF3AC91329E} = {AFDF0020-05A5-4079-81A6-1647E4D5AF72}
		{988CB089-E368-4B19-8CC4-AE7A0AE86685} = {AFDF0020-05A5-4079-81A6-1647E4D5AF72}
		{8DF2B804-157F-463D-AD89-330C75900AC6} = {E5CF1ECF-F23F-483C-8E85-48C41A8594F5}
	EndGlobalSection
	GlobalSection(ExtensibilityGlobals) = postSolution
		SolutionGuid = {2BB74EC6-7401-4A3B-8158-073B7C3DBAB9}
	EndGlobalSection
EndGlobal
