
Microsoft Visual Studio Solution File, Format Version 12.00
# Visual Studio Version 16
VisualStudioVersion = 16.0.29409.12
MinimumVisualStudioVersion = 10.0.40219.1
Project("{FAE04EC0-301F-11D3-BF4B-00C04F79EFBC}") = "Utility-WPF", "Utility-WPF\Utility-WPF.csproj", "{E48AA5CF-63C1-42B8-BFEA-17F91C4DEF13}"
EndProject
Project("{FAE04EC0-301F-11D3-BF4B-00C04F79EFBC}") = "Utility-WPF.Core", "Utility-WPF.Core\Utility-WPF.Core.csproj", "{45452D20-2310-4F33-8666-2166C10C3F67}"
EndProject
Project("{2150E333-8FDC-42A3-9474-1A3956D46DE8}") = "Shared", "Shared", "{4EBE3FF0-6F0A-4FFE-A125-8E01BDB73693}"
	ProjectSection(SolutionItems) = preProject
		Shared\SharedAssemblyInfo.cs = Shared\SharedAssemblyInfo.cs
	EndProjectSection
EndProject
Global
	GlobalSection(SolutionConfigurationPlatforms) = preSolution
		Debug|Any CPU = Debug|Any CPU
		Release|Any CPU = Release|Any CPU
	EndGlobalSection
	GlobalSection(ProjectConfigurationPlatforms) = postSolution
		{E48AA5CF-63C1-42B8-BFEA-17F91C4DEF13}.Debug|Any CPU.ActiveCfg = Debug|Any CPU
		{E48AA5CF-63C1-42B8-BFEA-17F91C4DEF13}.Debug|Any CPU.Build.0 = Debug|Any CPU
		{E48AA5CF-63C1-42B8-BFEA-17F91C4DEF13}.Release|Any CPU.ActiveCfg = Release|Any CPU
		{E48AA5CF-63C1-42B8-BFEA-17F91C4DEF13}.Release|Any CPU.Build.0 = Release|Any CPU
		{45452D20-2310-4F33-8666-2166C10C3F67}.Debug|Any CPU.ActiveCfg = Debug|Any CPU
		{45452D20-2310-4F33-8666-2166C10C3F67}.Debug|Any CPU.Build.0 = Debug|Any CPU
		{45452D20-2310-4F33-8666-2166C10C3F67}.Release|Any CPU.ActiveCfg = Release|Any CPU
		{45452D20-2310-4F33-8666-2166C10C3F67}.Release|Any CPU.Build.0 = Release|Any CPU
	EndGlobalSection
	GlobalSection(SolutionProperties) = preSolution
		HideSolutionNode = FALSE
	EndGlobalSection
	GlobalSection(ExtensibilityGlobals) = postSolution
		SolutionGuid = {2BB74EC6-7401-4A3B-8158-073B7C3DBAB9}
	EndGlobalSection
EndGlobal
